
Microsoft Visual Studio Solution File, Format Version 12.00
# Visual Studio Version 17
VisualStudioVersion = 17.5.002.0
MinimumVisualStudioVersion = 10.0.40219.1
Project("{9A19103F-16F7-4668-BE54-9A1E7A4F7556}") = "LibraryApi", "LibraryApi.csproj", "{D0E4035E-E7C0-4027-A6C9-3AE024FC77B1}"
EndProject
Global
	GlobalSection(SolutionConfigurationPlatforms) = preSolution
		Debug|Any CPU = Debug|Any CPU
		Release|Any CPU = Release|Any CPU
	EndGlobalSection
	GlobalSection(ProjectConfigurationPlatforms) = postSolution
		{D0E4035E-E7C0-4027-A6C9-3AE024FC77B1}.Debug|Any CPU.ActiveCfg = Debug|Any CPU
		{D0E4035E-E7C0-4027-A6C9-3AE024FC77B1}.Debug|Any CPU.Build.0 = Debug|Any CPU
		{D0E4035E-E7C0-4027-A6C9-3AE024FC77B1}.Release|Any CPU.ActiveCfg = Release|Any CPU
		{D0E4035E-E7C0-4027-A6C9-3AE024FC77B1}.Release|Any CPU.Build.0 = Release|Any CPU
	EndGlobalSection
	GlobalSection(SolutionProperties) = preSolution
		HideSolutionNode = FALSE
	EndGlobalSection
	GlobalSection(ExtensibilityGlobals) = postSolution
		SolutionGuid = {F2C67372-B62C-49A6-A0D0-7E8E69A357E0}
	EndGlobalSection
EndGlobal
